
Microsoft Visual Studio Solution File, Format Version 12.00
# Visual Studio 14
VisualStudioVersion = 14.0.25420.1
MinimumVisualStudioVersion = 10.0.40219.1
Project("{FAE04EC0-301F-11D3-BF4B-00C04F79EFBC}") = "Excercise01_1", "Excercise01_1\Excercise01_1.csproj", "{10EC7F5A-009B-4978-A861-5B81CC6077AC}"
EndProject
Project("{FAE04EC0-301F-11D3-BF4B-00C04F79EFBC}") = "Excercise01_2", "Excercise01_2\Excercise01_2.csproj", "{9EC879E1-82FD-4983-BE75-B59AF0EBDFAC}"
EndProject
Project("{FAE04EC0-301F-11D3-BF4B-00C04F79EFBC}") = "Excercise01_3", "Excercise01_3\Excercise01_3.csproj", "{E3D5E23B-8971-45B5-9B0D-EB050C573B8B}"
EndProject
Project("{FAE04EC0-301F-11D3-BF4B-00C04F79EFBC}") = "Excercise01_4", "Excercise01_4\Excercise01_4.csproj", "{814C9166-9558-4FA0-B52A-A7984BC55575}"
EndProject
Project("{FAE04EC0-301F-11D3-BF4B-00C04F79EFBC}") = "Excercise01_5", "Excercise01_5\Excercise01_5.csproj", "{5E4D7921-4863-4956-97E3-DEE1527284D2}"
EndProject
Project("{FAE04EC0-301F-11D3-BF4B-00C04F79EFBC}") = "Excercise01_6", "Excercise01_6\Excercise01_6.csproj", "{D5DF3B14-245D-4B9B-8CF4-C84433B9F213}"
EndProject
Project("{FAE04EC0-301F-11D3-BF4B-00C04F79EFBC}") = "Excercise01_7", "Excercise01_7\Excercise01_7.csproj", "{C51466A8-6C7C-4CE4-B042-2E47774AC64B}"
EndProject
Project("{FAE04EC0-301F-11D3-BF4B-00C04F79EFBC}") = "Excercise01_8", "Excercise01_8\Excercise01_8.csproj", "{6B4AC82C-4221-41E4-8789-D93E06FA9EF7}"
EndProject
Project("{FAE04EC0-301F-11D3-BF4B-00C04F79EFBC}") = "Excercise01_9", "Excercise01_9\Excercise01_9.csproj", "{EE96DAE9-B514-47C3-A66D-AAEFB2E96696}"
EndProject
Project("{FAE04EC0-301F-11D3-BF4B-00C04F79EFBC}") = "Excercise02_1", "Excercise02_1\Excercise02_1.csproj", "{C163BC74-B4E0-426B-8B8E-DE03396E6D89}"
EndProject
Project("{FAE04EC0-301F-11D3-BF4B-00C04F79EFBC}") = "Excercise02_2", "Excercise02_2\Excercise02_2.csproj", "{98EF2B5C-ADAF-417C-A99C-62089500A0A9}"
EndProject
Project("{FAE04EC0-301F-11D3-BF4B-00C04F79EFBC}") = "Excercise02_3", "Excercise02_3\Excercise02_3.csproj", "{593DF133-3330-46B8-808E-981409C748C3}"
EndProject
Project("{FAE04EC0-301F-11D3-BF4B-00C04F79EFBC}") = "Excercise02_4", "Excercise02_4\Excercise02_4.csproj", "{69FA9DC6-4685-478A-980A-77F8DEFA5408}"
EndProject
Project("{FAE04EC0-301F-11D3-BF4B-00C04F79EFBC}") = "Excercise02_5", "Excercise02_5\Excercise02_5.csproj", "{2DBDA40E-E39E-45B2-A64B-227535A49A88}"
EndProject
Global
	GlobalSection(SolutionConfigurationPlatforms) = preSolution
		Debug|Any CPU = Debug|Any CPU
		Release|Any CPU = Release|Any CPU
	EndGlobalSection
	GlobalSection(ProjectConfigurationPlatforms) = postSolution
		{10EC7F5A-009B-4978-A861-5B81CC6077AC}.Debug|Any CPU.ActiveCfg = Debug|Any CPU
		{10EC7F5A-009B-4978-A861-5B81CC6077AC}.Debug|Any CPU.Build.0 = Debug|Any CPU
		{10EC7F5A-009B-4978-A861-5B81CC6077AC}.Release|Any CPU.ActiveCfg = Release|Any CPU
		{10EC7F5A-009B-4978-A861-5B81CC6077AC}.Release|Any CPU.Build.0 = Release|Any CPU
		{9EC879E1-82FD-4983-BE75-B59AF0EBDFAC}.Debug|Any CPU.ActiveCfg = Debug|Any CPU
		{9EC879E1-82FD-4983-BE75-B59AF0EBDFAC}.Debug|Any CPU.Build.0 = Debug|Any CPU
		{9EC879E1-82FD-4983-BE75-B59AF0EBDFAC}.Release|Any CPU.ActiveCfg = Release|Any CPU
		{9EC879E1-82FD-4983-BE75-B59AF0EBDFAC}.Release|Any CPU.Build.0 = Release|Any CPU
		{E3D5E23B-8971-45B5-9B0D-EB050C573B8B}.Debug|Any CPU.ActiveCfg = Debug|Any CPU
		{E3D5E23B-8971-45B5-9B0D-EB050C573B8B}.Debug|Any CPU.Build.0 = Debug|Any CPU
		{E3D5E23B-8971-45B5-9B0D-EB050C573B8B}.Release|Any CPU.ActiveCfg = Release|Any CPU
		{E3D5E23B-8971-45B5-9B0D-EB050C573B8B}.Release|Any CPU.Build.0 = Release|Any CPU
		{814C9166-9558-4FA0-B52A-A7984BC55575}.Debug|Any CPU.ActiveCfg = Debug|Any CPU
		{814C9166-9558-4FA0-B52A-A7984BC55575}.Debug|Any CPU.Build.0 = Debug|Any CPU
		{814C9166-9558-4FA0-B52A-A7984BC55575}.Release|Any CPU.ActiveCfg = Release|Any CPU
		{814C9166-9558-4FA0-B52A-A7984BC55575}.Release|Any CPU.Build.0 = Release|Any CPU
		{5E4D7921-4863-4956-97E3-DEE1527284D2}.Debug|Any CPU.ActiveCfg = Debug|Any CPU
		{5E4D7921-4863-4956-97E3-DEE1527284D2}.Debug|Any CPU.Build.0 = Debug|Any CPU
		{5E4D7921-4863-4956-97E3-DEE1527284D2}.Release|Any CPU.ActiveCfg = Release|Any CPU
		{5E4D7921-4863-4956-97E3-DEE1527284D2}.Release|Any CPU.Build.0 = Release|Any CPU
		{D5DF3B14-245D-4B9B-8CF4-C84433B9F213}.Debug|Any CPU.ActiveCfg = Debug|Any CPU
		{D5DF3B14-245D-4B9B-8CF4-C84433B9F213}.Debug|Any CPU.Build.0 = Debug|Any CPU
		{D5DF3B14-245D-4B9B-8CF4-C84433B9F213}.Release|Any CPU.ActiveCfg = Release|Any CPU
		{D5DF3B14-245D-4B9B-8CF4-C84433B9F213}.Release|Any CPU.Build.0 = Release|Any CPU
		{C51466A8-6C7C-4CE4-B042-2E47774AC64B}.Debug|Any CPU.ActiveCfg = Debug|Any CPU
		{C51466A8-6C7C-4CE4-B042-2E47774AC64B}.Debug|Any CPU.Build.0 = Debug|Any CPU
		{C51466A8-6C7C-4CE4-B042-2E47774AC64B}.Release|Any CPU.ActiveCfg = Release|Any CPU
		{C51466A8-6C7C-4CE4-B042-2E47774AC64B}.Release|Any CPU.Build.0 = Release|Any CPU
		{6B4AC82C-4221-41E4-8789-D93E06FA9EF7}.Debug|Any CPU.ActiveCfg = Debug|Any CPU
		{6B4AC82C-4221-41E4-8789-D93E06FA9EF7}.Debug|Any CPU.Build.0 = Debug|Any CPU
		{6B4AC82C-4221-41E4-8789-D93E06FA9EF7}.Release|Any CPU.ActiveCfg = Release|Any CPU
		{6B4AC82C-4221-41E4-8789-D93E06FA9EF7}.Release|Any CPU.Build.0 = Release|Any CPU
		{EE96DAE9-B514-47C3-A66D-AAEFB2E96696}.Debug|Any CPU.ActiveCfg = Debug|Any CPU
		{EE96DAE9-B514-47C3-A66D-AAEFB2E96696}.Debug|Any CPU.Build.0 = Debug|Any CPU
		{EE96DAE9-B514-47C3-A66D-AAEFB2E96696}.Release|Any CPU.ActiveCfg = Release|Any CPU
		{EE96DAE9-B514-47C3-A66D-AAEFB2E96696}.Release|Any CPU.Build.0 = Release|Any CPU
		{C163BC74-B4E0-426B-8B8E-DE03396E6D89}.Debug|Any CPU.ActiveCfg = Debug|Any CPU
		{C163BC74-B4E0-426B-8B8E-DE03396E6D89}.Debug|Any CPU.Build.0 = Debug|Any CPU
		{C163BC74-B4E0-426B-8B8E-DE03396E6D89}.Release|Any CPU.ActiveCfg = Release|Any CPU
		{C163BC74-B4E0-426B-8B8E-DE03396E6D89}.Release|Any CPU.Build.0 = Release|Any CPU
		{98EF2B5C-ADAF-417C-A99C-62089500A0A9}.Debug|Any CPU.ActiveCfg = Debug|Any CPU
		{98EF2B5C-ADAF-417C-A99C-62089500A0A9}.Debug|Any CPU.Build.0 = Debug|Any CPU
		{98EF2B5C-ADAF-417C-A99C-62089500A0A9}.Release|Any CPU.ActiveCfg = Release|Any CPU
		{98EF2B5C-ADAF-417C-A99C-62089500A0A9}.Release|Any CPU.Build.0 = Release|Any CPU
		{593DF133-3330-46B8-808E-981409C748C3}.Debug|Any CPU.ActiveCfg = Debug|Any CPU
		{593DF133-3330-46B8-808E-981409C748C3}.Debug|Any CPU.Build.0 = Debug|Any CPU
		{593DF133-3330-46B8-808E-981409C748C3}.Release|Any CPU.ActiveCfg = Release|Any CPU
		{593DF133-3330-46B8-808E-981409C748C3}.Release|Any CPU.Build.0 = Release|Any CPU
		{69FA9DC6-4685-478A-980A-77F8DEFA5408}.Debug|Any CPU.ActiveCfg = Debug|Any CPU
		{69FA9DC6-4685-478A-980A-77F8DEFA5408}.Debug|Any CPU.Build.0 = Debug|Any CPU
		{69FA9DC6-4685-478A-980A-77F8DEFA5408}.Release|Any CPU.ActiveCfg = Release|Any CPU
		{69FA9DC6-4685-478A-980A-77F8DEFA5408}.Release|Any CPU.Build.0 = Release|Any CPU
		{2DBDA40E-E39E-45B2-A64B-227535A49A88}.Debug|Any CPU.ActiveCfg = Debug|Any CPU
		{2DBDA40E-E39E-45B2-A64B-227535A49A88}.Debug|Any CPU.Build.0 = Debug|Any CPU
		{2DBDA40E-E39E-45B2-A64B-227535A49A88}.Release|Any CPU.ActiveCfg = Release|Any CPU
		{2DBDA40E-E39E-45B2-A64B-227535A49A88}.Release|Any CPU.Build.0 = Release|Any CPU
	EndGlobalSection
	GlobalSection(SolutionProperties) = preSolution
		HideSolutionNode = FALSE
	EndGlobalSection
EndGlobal
